
Microsoft Visual Studio Solution File, Format Version 12.00
# Visual Studio Version 16
VisualStudioVersion = 16.0.29609.76
MinimumVisualStudioVersion = 10.0.40219.1
Project("{FAE04EC0-301F-11D3-BF4B-00C04F79EFBC}") = "WebAPIApsis", "WebAPIApsis.csproj", "{1B6B5A5F-4926-44B8-B9B7-5A5B9FC16925}"
EndProject
Project("{FAE04EC0-301F-11D3-BF4B-00C04F79EFBC}") = "Frontend(MVC)", "..\Frontend(MVC)\Frontend(MVC).csproj", "{DA4A1A63-870F-44D4-AF6A-BFD7E9786048}"
EndProject
Project("{FAE04EC0-301F-11D3-BF4B-00C04F79EFBC}") = "UnitTests", "..\UnitTests\UnitTests.csproj", "{440E6C34-413D-4EC5-BA74-B1AC64D6D5FC}"
EndProject
Global
	GlobalSection(SolutionConfigurationPlatforms) = preSolution
		Debug|Any CPU = Debug|Any CPU
		Release|Any CPU = Release|Any CPU
	EndGlobalSection
	GlobalSection(ProjectConfigurationPlatforms) = postSolution
		{1B6B5A5F-4926-44B8-B9B7-5A5B9FC16925}.Debug|Any CPU.ActiveCfg = Debug|Any CPU
		{1B6B5A5F-4926-44B8-B9B7-5A5B9FC16925}.Debug|Any CPU.Build.0 = Debug|Any CPU
		{1B6B5A5F-4926-44B8-B9B7-5A5B9FC16925}.Release|Any CPU.ActiveCfg = Release|Any CPU
		{1B6B5A5F-4926-44B8-B9B7-5A5B9FC16925}.Release|Any CPU.Build.0 = Release|Any CPU
		{DA4A1A63-870F-44D4-AF6A-BFD7E9786048}.Debug|Any CPU.ActiveCfg = Debug|Any CPU
		{DA4A1A63-870F-44D4-AF6A-BFD7E9786048}.Debug|Any CPU.Build.0 = Debug|Any CPU
		{DA4A1A63-870F-44D4-AF6A-BFD7E9786048}.Release|Any CPU.ActiveCfg = Release|Any CPU
		{DA4A1A63-870F-44D4-AF6A-BFD7E9786048}.Release|Any CPU.Build.0 = Release|Any CPU
		{440E6C34-413D-4EC5-BA74-B1AC64D6D5FC}.Debug|Any CPU.ActiveCfg = Debug|Any CPU
		{440E6C34-413D-4EC5-BA74-B1AC64D6D5FC}.Debug|Any CPU.Build.0 = Debug|Any CPU
		{440E6C34-413D-4EC5-BA74-B1AC64D6D5FC}.Release|Any CPU.ActiveCfg = Release|Any CPU
		{440E6C34-413D-4EC5-BA74-B1AC64D6D5FC}.Release|Any CPU.Build.0 = Release|Any CPU
	EndGlobalSection
	GlobalSection(SolutionProperties) = preSolution
		HideSolutionNode = FALSE
	EndGlobalSection
	GlobalSection(ExtensibilityGlobals) = postSolution
		SolutionGuid = {35631839-A3BE-4944-BAC5-C8A6915212EF}
	EndGlobalSection
EndGlobal
